
Microsoft Visual Studio Solution File, Format Version 12.00
Project("{FAE04EC0-301F-11D3-BF4B-00C04F79EFBC}") = "RefitExample", "RefitExample\RefitExample.csproj", "{AF619F49-C7D5-4D92-BEC0-D4BB65976256}"
EndProject
Project("{FAE04EC0-301F-11D3-BF4B-00C04F79EFBC}") = "RefitExampleConsoleApp", "RefitExampleConsoleApp\RefitExampleConsoleApp.csproj", "{CC27D496-CE76-4118-9FEE-58CE510AF271}"
EndProject
Global
	GlobalSection(SolutionConfigurationPlatforms) = preSolution
		Debug|Any CPU = Debug|Any CPU
		Release|Any CPU = Release|Any CPU
	EndGlobalSection
	GlobalSection(ProjectConfigurationPlatforms) = postSolution
		{AF619F49-C7D5-4D92-BEC0-D4BB65976256}.Debug|Any CPU.ActiveCfg = Debug|Any CPU
		{AF619F49-C7D5-4D92-BEC0-D4BB65976256}.Debug|Any CPU.Build.0 = Debug|Any CPU
		{AF619F49-C7D5-4D92-BEC0-D4BB65976256}.Release|Any CPU.ActiveCfg = Release|Any CPU
		{AF619F49-C7D5-4D92-BEC0-D4BB65976256}.Release|Any CPU.Build.0 = Release|Any CPU
		{CC27D496-CE76-4118-9FEE-58CE510AF271}.Debug|Any CPU.ActiveCfg = Debug|Any CPU
		{CC27D496-CE76-4118-9FEE-58CE510AF271}.Debug|Any CPU.Build.0 = Debug|Any CPU
		{CC27D496-CE76-4118-9FEE-58CE510AF271}.Release|Any CPU.ActiveCfg = Release|Any CPU
		{CC27D496-CE76-4118-9FEE-58CE510AF271}.Release|Any CPU.Build.0 = Release|Any CPU
	EndGlobalSection
EndGlobal
